// !$*UTF8*$!
{
	archiveVersion = 1;
	classes = {
	};
	objectVersion = 55;
	objects = {

/* Begin PBXBuildFile section */
		847D9665286105080044C1F5 /* AppDelegate.m in Sources */ = {isa = PBXBuildFile; fileRef = 847D9664286105080044C1F5 /* AppDelegate.m */; };
		847D9668286105080044C1F5 /* SceneDelegate.m in Sources */ = {isa = PBXBuildFile; fileRef = 847D9667286105080044C1F5 /* SceneDelegate.m */; };
		847D966E286105080044C1F5 /* Main.storyboard in Resources */ = {isa = PBXBuildFile; fileRef = 847D966C286105080044C1F5 /* Main.storyboard */; };
		847D96702861050A0044C1F5 /* Assets.xcassets in Resources */ = {isa = PBXBuildFile; fileRef = 847D966F2861050A0044C1F5 /* Assets.xcassets */; };
		847D96732861050A0044C1F5 /* LaunchScreen.storyboard in Resources */ = {isa = PBXBuildFile; fileRef = 847D96712861050A0044C1F5 /* LaunchScreen.storyboard */; };
		847D96762861050A0044C1F5 /* main.m in Sources */ = {isa = PBXBuildFile; fileRef = 847D96752861050A0044C1F5 /* main.m */; };
		847D96802861050A0044C1F5 /* FlixsterTests.m in Sources */ = {isa = PBXBuildFile; fileRef = 847D967F2861050A0044C1F5 /* FlixsterTests.m */; };
		847D968A2861050A0044C1F5 /* FlixsterUITests.m in Sources */ = {isa = PBXBuildFile; fileRef = 847D96892861050A0044C1F5 /* FlixsterUITests.m */; };
		847D968C2861050A0044C1F5 /* FlixsterUITestsLaunchTests.m in Sources */ = {isa = PBXBuildFile; fileRef = 847D968B2861050A0044C1F5 /* FlixsterUITestsLaunchTests.m */; };
		847D96A5286404290044C1F5 /* MovieViewController.m in Sources */ = {isa = PBXBuildFile; fileRef = 847D96A4286404290044C1F5 /* MovieViewController.m */; };
		847D96A8286405280044C1F5 /* MovieCell.m in Sources */ = {isa = PBXBuildFile; fileRef = 847D96A7286405280044C1F5 /* MovieCell.m */; };
		847D96AB286411950044C1F5 /* DetailsViewController.m in Sources */ = {isa = PBXBuildFile; fileRef = 847D96AA286411950044C1F5 /* DetailsViewController.m */; };
		99933629855EC85C6CA33CE1 /* Pods_Flixster_FlixsterUITests.framework in Frameworks */ = {isa = PBXBuildFile; fileRef = 34D2160E5D08DE2C4A5815D7 /* Pods_Flixster_FlixsterUITests.framework */; };
		AA44640D65EDF37250E1A530 /* Pods_FlixsterTests.framework in Frameworks */ = {isa = PBXBuildFile; fileRef = BEBDFE6A19CE8874DFFB153A /* Pods_FlixsterTests.framework */; };
		BCF6BA44FD0F5D3EE0387B77 /* Pods_Flixster.framework in Frameworks */ = {isa = PBXBuildFile; fileRef = 33F203FCE896F9AAD551163C /* Pods_Flixster.framework */; };
/* End PBXBuildFile section */

/* Begin PBXContainerItemProxy section */
		847D967C2861050A0044C1F5 /* PBXContainerItemProxy */ = {
			isa = PBXContainerItemProxy;
			containerPortal = 847D9658286105080044C1F5 /* Project object */;
			proxyType = 1;
			remoteGlobalIDString = 847D965F286105080044C1F5;
			remoteInfo = Flixster;
		};
		847D96862861050A0044C1F5 /* PBXContainerItemProxy */ = {
			isa = PBXContainerItemProxy;
			containerPortal = 847D9658286105080044C1F5 /* Project object */;
			proxyType = 1;
			remoteGlobalIDString = 847D965F286105080044C1F5;
			remoteInfo = Flixster;
		};
/* End PBXContainerItemProxy section */

/* Begin PBXFileReference section */
		2DF33DB0365E33B03362E6C3 /* Pods-FlixsterTests.debug.xcconfig */ = {isa = PBXFileReference; includeInIndex = 1; lastKnownFileType = text.xcconfig; name = "Pods-FlixsterTests.debug.xcconfig"; path = "Target Support Files/Pods-FlixsterTests/Pods-FlixsterTests.debug.xcconfig"; sourceTree = "<group>"; };
		33F203FCE896F9AAD551163C /* Pods_Flixster.framework */ = {isa = PBXFileReference; explicitFileType = wrapper.framework; includeInIndex = 0; path = Pods_Flixster.framework; sourceTree = BUILT_PRODUCTS_DIR; };
		34D2160E5D08DE2C4A5815D7 /* Pods_Flixster_FlixsterUITests.framework */ = {isa = PBXFileReference; explicitFileType = wrapper.framework; includeInIndex = 0; path = Pods_Flixster_FlixsterUITests.framework; sourceTree = BUILT_PRODUCTS_DIR; };
		541658F28FCE80F8625E328B /* Pods-Flixster-FlixsterUITests.release.xcconfig */ = {isa = PBXFileReference; includeInIndex = 1; lastKnownFileType = text.xcconfig; name = "Pods-Flixster-FlixsterUITests.release.xcconfig"; path = "Target Support Files/Pods-Flixster-FlixsterUITests/Pods-Flixster-FlixsterUITests.release.xcconfig"; sourceTree = "<group>"; };
		839F7E229B4EBE13CDAA7A81 /* Pods-Flixster-FlixsterUITests.debug.xcconfig */ = {isa = PBXFileReference; includeInIndex = 1; lastKnownFileType = text.xcconfig; name = "Pods-Flixster-FlixsterUITests.debug.xcconfig"; path = "Target Support Files/Pods-Flixster-FlixsterUITests/Pods-Flixster-FlixsterUITests.debug.xcconfig"; sourceTree = "<group>"; };
		847D9660286105080044C1F5 /* Flixster.app */ = {isa = PBXFileReference; explicitFileType = wrapper.application; includeInIndex = 0; path = Flixster.app; sourceTree = BUILT_PRODUCTS_DIR; };
		847D9663286105080044C1F5 /* AppDelegate.h */ = {isa = PBXFileReference; lastKnownFileType = sourcecode.c.h; path = AppDelegate.h; sourceTree = "<group>"; };
		847D9664286105080044C1F5 /* AppDelegate.m */ = {isa = PBXFileReference; lastKnownFileType = sourcecode.c.objc; path = AppDelegate.m; sourceTree = "<group>"; };
		847D9666286105080044C1F5 /* SceneDelegate.h */ = {isa = PBXFileReference; lastKnownFileType = sourcecode.c.h; path = SceneDelegate.h; sourceTree = "<group>"; };
		847D9667286105080044C1F5 /* SceneDelegate.m */ = {isa = PBXFileReference; lastKnownFileType = sourcecode.c.objc; path = SceneDelegate.m; sourceTree = "<group>"; };
		847D966D286105080044C1F5 /* Base */ = {isa = PBXFileReference; lastKnownFileType = file.storyboard; name = Base; path = Base.lproj/Main.storyboard; sourceTree = "<group>"; };
		847D966F2861050A0044C1F5 /* Assets.xcassets */ = {isa = PBXFileReference; lastKnownFileType = folder.assetcatalog; path = Assets.xcassets; sourceTree = "<group>"; };
		847D96722861050A0044C1F5 /* Base */ = {isa = PBXFileReference; lastKnownFileType = file.storyboard; name = Base; path = Base.lproj/LaunchScreen.storyboard; sourceTree = "<group>"; };
		847D96742861050A0044C1F5 /* Info.plist */ = {isa = PBXFileReference; lastKnownFileType = text.plist.xml; path = Info.plist; sourceTree = "<group>"; };
		847D96752861050A0044C1F5 /* main.m */ = {isa = PBXFileReference; lastKnownFileType = sourcecode.c.objc; path = main.m; sourceTree = "<group>"; };
		847D967B2861050A0044C1F5 /* FlixsterTests.xctest */ = {isa = PBXFileReference; explicitFileType = wrapper.cfbundle; includeInIndex = 0; path = FlixsterTests.xctest; sourceTree = BUILT_PRODUCTS_DIR; };
		847D967F2861050A0044C1F5 /* FlixsterTests.m */ = {isa = PBXFileReference; lastKnownFileType = sourcecode.c.objc; path = FlixsterTests.m; sourceTree = "<group>"; };
		847D96852861050A0044C1F5 /* FlixsterUITests.xctest */ = {isa = PBXFileReference; explicitFileType = wrapper.cfbundle; includeInIndex = 0; path = FlixsterUITests.xctest; sourceTree = BUILT_PRODUCTS_DIR; };
		847D96892861050A0044C1F5 /* FlixsterUITests.m */ = {isa = PBXFileReference; lastKnownFileType = sourcecode.c.objc; path = FlixsterUITests.m; sourceTree = "<group>"; };
		847D968B2861050A0044C1F5 /* FlixsterUITestsLaunchTests.m */ = {isa = PBXFileReference; lastKnownFileType = sourcecode.c.objc; path = FlixsterUITestsLaunchTests.m; sourceTree = "<group>"; };
		847D96A3286404290044C1F5 /* MovieViewController.h */ = {isa = PBXFileReference; lastKnownFileType = sourcecode.c.h; path = MovieViewController.h; sourceTree = "<group>"; };
		847D96A4286404290044C1F5 /* MovieViewController.m */ = {isa = PBXFileReference; lastKnownFileType = sourcecode.c.objc; path = MovieViewController.m; sourceTree = "<group>"; };
		847D96A6286405280044C1F5 /* MovieCell.h */ = {isa = PBXFileReference; lastKnownFileType = sourcecode.c.h; path = MovieCell.h; sourceTree = "<group>"; };
		847D96A7286405280044C1F5 /* MovieCell.m */ = {isa = PBXFileReference; lastKnownFileType = sourcecode.c.objc; path = MovieCell.m; sourceTree = "<group>"; };
		847D96A9286411950044C1F5 /* DetailsViewController.h */ = {isa = PBXFileReference; lastKnownFileType = sourcecode.c.h; path = DetailsViewController.h; sourceTree = "<group>"; };
		847D96AA286411950044C1F5 /* DetailsViewController.m */ = {isa = PBXFileReference; lastKnownFileType = sourcecode.c.objc; path = DetailsViewController.m; sourceTree = "<group>"; };
		9909432ED8DBE8135365C59E /* Pods-Flixster.release.xcconfig */ = {isa = PBXFileReference; includeInIndex = 1; lastKnownFileType = text.xcconfig; name = "Pods-Flixster.release.xcconfig"; path = "Target Support Files/Pods-Flixster/Pods-Flixster.release.xcconfig"; sourceTree = "<group>"; };
		B917EB68BBE9D9362B685E20 /* Pods-Flixster.debug.xcconfig */ = {isa = PBXFileReference; includeInIndex = 1; lastKnownFileType = text.xcconfig; name = "Pods-Flixster.debug.xcconfig"; path = "Target Support Files/Pods-Flixster/Pods-Flixster.debug.xcconfig"; sourceTree = "<group>"; };
		BEBDFE6A19CE8874DFFB153A /* Pods_FlixsterTests.framework */ = {isa = PBXFileReference; explicitFileType = wrapper.framework; includeInIndex = 0; path = Pods_FlixsterTests.framework; sourceTree = BUILT_PRODUCTS_DIR; };
		DA3AC7D2B7CBD7D04D00EE37 /* Pods-FlixsterTests.release.xcconfig */ = {isa = PBXFileReference; includeInIndex = 1; lastKnownFileType = text.xcconfig; name = "Pods-FlixsterTests.release.xcconfig"; path = "Target Support Files/Pods-FlixsterTests/Pods-FlixsterTests.release.xcconfig"; sourceTree = "<group>"; };
/* End PBXFileReference section */

/* Begin PBXFrameworksBuildPhase section */
		847D965D286105080044C1F5 /* Frameworks */ = {
			isa = PBXFrameworksBuildPhase;
			buildActionMask = 2147483647;
			files = (
				BCF6BA44FD0F5D3EE0387B77 /* Pods_Flixster.framework in Frameworks */,
			);
			runOnlyForDeploymentPostprocessing = 0;
		};
		847D96782861050A0044C1F5 /* Frameworks */ = {
			isa = PBXFrameworksBuildPhase;
			buildActionMask = 2147483647;
			files = (
				AA44640D65EDF37250E1A530 /* Pods_FlixsterTests.framework in Frameworks */,
			);
			runOnlyForDeploymentPostprocessing = 0;
		};
		847D96822861050A0044C1F5 /* Frameworks */ = {
			isa = PBXFrameworksBuildPhase;
			buildActionMask = 2147483647;
			files = (
				99933629855EC85C6CA33CE1 /* Pods_Flixster_FlixsterUITests.framework in Frameworks */,
			);
			runOnlyForDeploymentPostprocessing = 0;
		};
/* End PBXFrameworksBuildPhase section */

/* Begin PBXGroup section */
		32C4CEEE6750D2AC89BD386A /* Pods */ = {
			isa = PBXGroup;
			children = (
				B917EB68BBE9D9362B685E20 /* Pods-Flixster.debug.xcconfig */,
				9909432ED8DBE8135365C59E /* Pods-Flixster.release.xcconfig */,
				839F7E229B4EBE13CDAA7A81 /* Pods-Flixster-FlixsterUITests.debug.xcconfig */,
				541658F28FCE80F8625E328B /* Pods-Flixster-FlixsterUITests.release.xcconfig */,
				2DF33DB0365E33B03362E6C3 /* Pods-FlixsterTests.debug.xcconfig */,
				DA3AC7D2B7CBD7D04D00EE37 /* Pods-FlixsterTests.release.xcconfig */,
			);
			path = Pods;
			sourceTree = "<group>";
		};
		71B655238606D1745FB44A59 /* Frameworks */ = {
			isa = PBXGroup;
			children = (
				33F203FCE896F9AAD551163C /* Pods_Flixster.framework */,
				34D2160E5D08DE2C4A5815D7 /* Pods_Flixster_FlixsterUITests.framework */,
				BEBDFE6A19CE8874DFFB153A /* Pods_FlixsterTests.framework */,
			);
			name = Frameworks;
			sourceTree = "<group>";
		};
		847D9657286105080044C1F5 = {
			isa = PBXGroup;
			children = (
				847D9662286105080044C1F5 /* Flixster */,
				847D967E2861050A0044C1F5 /* FlixsterTests */,
				847D96882861050A0044C1F5 /* FlixsterUITests */,
				847D9661286105080044C1F5 /* Products */,
				32C4CEEE6750D2AC89BD386A /* Pods */,
				71B655238606D1745FB44A59 /* Frameworks */,
			);
			sourceTree = "<group>";
		};
		847D9661286105080044C1F5 /* Products */ = {
			isa = PBXGroup;
			children = (
				847D9660286105080044C1F5 /* Flixster.app */,
				847D967B2861050A0044C1F5 /* FlixsterTests.xctest */,
				847D96852861050A0044C1F5 /* FlixsterUITests.xctest */,
			);
			name = Products;
			sourceTree = "<group>";
		};
		847D9662286105080044C1F5 /* Flixster */ = {
			isa = PBXGroup;
			children = (
				847D9663286105080044C1F5 /* AppDelegate.h */,
				847D9664286105080044C1F5 /* AppDelegate.m */,
				847D96A3286404290044C1F5 /* MovieViewController.h */,
				847D96A4286404290044C1F5 /* MovieViewController.m */,
				847D96A9286411950044C1F5 /* DetailsViewController.h */,
				847D96AA286411950044C1F5 /* DetailsViewController.m */,
				847D9666286105080044C1F5 /* SceneDelegate.h */,
				847D9667286105080044C1F5 /* SceneDelegate.m */,
				847D966C286105080044C1F5 /* Main.storyboard */,
				847D96A6286405280044C1F5 /* MovieCell.h */,
				847D96A7286405280044C1F5 /* MovieCell.m */,
				847D966F2861050A0044C1F5 /* Assets.xcassets */,
				847D96712861050A0044C1F5 /* LaunchScreen.storyboard */,
				847D96742861050A0044C1F5 /* Info.plist */,
				847D96752861050A0044C1F5 /* main.m */,
			);
			path = Flixster;
			sourceTree = "<group>";
		};
		847D967E2861050A0044C1F5 /* FlixsterTests */ = {
			isa = PBXGroup;
			children = (
				847D967F2861050A0044C1F5 /* FlixsterTests.m */,
			);
			path = FlixsterTests;
			sourceTree = "<group>";
		};
		847D96882861050A0044C1F5 /* FlixsterUITests */ = {
			isa = PBXGroup;
			children = (
				847D96892861050A0044C1F5 /* FlixsterUITests.m */,
				847D968B2861050A0044C1F5 /* FlixsterUITestsLaunchTests.m */,
			);
			path = FlixsterUITests;
			sourceTree = "<group>";
		};
/* End PBXGroup section */

/* Begin PBXNativeTarget section */
		847D965F286105080044C1F5 /* Flixster */ = {
			isa = PBXNativeTarget;
			buildConfigurationList = 847D968F2861050A0044C1F5 /* Build configuration list for PBXNativeTarget "Flixster" */;
			buildPhases = (
				19E9F40ED619913A2A2731E0 /* [CP] Check Pods Manifest.lock */,
				847D965C286105080044C1F5 /* Sources */,
				847D965D286105080044C1F5 /* Frameworks */,
				847D965E286105080044C1F5 /* Resources */,
				848B13FC93F2DBE0EC868C7D /* [CP] Embed Pods Frameworks */,
			);
			buildRules = (
			);
			dependencies = (
			);
			name = Flixster;
			productName = Flixster;
			productReference = 847D9660286105080044C1F5 /* Flixster.app */;
			productType = "com.apple.product-type.application";
		};
		847D967A2861050A0044C1F5 /* FlixsterTests */ = {
			isa = PBXNativeTarget;
			buildConfigurationList = 847D96922861050A0044C1F5 /* Build configuration list for PBXNativeTarget "FlixsterTests" */;
			buildPhases = (
				F168869C99196C5A6CFE866C /* [CP] Check Pods Manifest.lock */,
				847D96772861050A0044C1F5 /* Sources */,
				847D96782861050A0044C1F5 /* Frameworks */,
				847D96792861050A0044C1F5 /* Resources */,
			);
			buildRules = (
			);
			dependencies = (
				847D967D2861050A0044C1F5 /* PBXTargetDependency */,
			);
			name = FlixsterTests;
			productName = FlixsterTests;
			productReference = 847D967B2861050A0044C1F5 /* FlixsterTests.xctest */;
			productType = "com.apple.product-type.bundle.unit-test";
		};
		847D96842861050A0044C1F5 /* FlixsterUITests */ = {
			isa = PBXNativeTarget;
			buildConfigurationList = 847D96952861050A0044C1F5 /* Build configuration list for PBXNativeTarget "FlixsterUITests" */;
			buildPhases = (
				4AAFDF6BBED90F51E3E21065 /* [CP] Check Pods Manifest.lock */,
				847D96812861050A0044C1F5 /* Sources */,
				847D96822861050A0044C1F5 /* Frameworks */,
				847D96832861050A0044C1F5 /* Resources */,
				78562FC0DF0D58AFA3A23380 /* [CP] Embed Pods Frameworks */,
			);
			buildRules = (
			);
			dependencies = (
				847D96872861050A0044C1F5 /* PBXTargetDependency */,
			);
			name = FlixsterUITests;
			productName = FlixsterUITests;
			productReference = 847D96852861050A0044C1F5 /* FlixsterUITests.xctest */;
			productType = "com.apple.product-type.bundle.ui-testing";
		};
/* End PBXNativeTarget section */

/* Begin PBXProject section */
		847D9658286105080044C1F5 /* Project object */ = {
			isa = PBXProject;
			attributes = {
				BuildIndependentTargetsInParallel = 1;
				LastUpgradeCheck = 1340;
				TargetAttributes = {
					847D965F286105080044C1F5 = {
						CreatedOnToolsVersion = 13.4.1;
					};
					847D967A2861050A0044C1F5 = {
						CreatedOnToolsVersion = 13.4.1;
						TestTargetID = 847D965F286105080044C1F5;
					};
					847D96842861050A0044C1F5 = {
						CreatedOnToolsVersion = 13.4.1;
						TestTargetID = 847D965F286105080044C1F5;
					};
				};
			};
			buildConfigurationList = 847D965B286105080044C1F5 /* Build configuration list for PBXProject "Flixster" */;
			compatibilityVersion = "Xcode 13.0";
			developmentRegion = en;
			hasScannedForEncodings = 0;
			knownRegions = (
				en,
				Base,
			);
			mainGroup = 847D9657286105080044C1F5;
			productRefGroup = 847D9661286105080044C1F5 /* Products */;
			projectDirPath = "";
			projectRoot = "";
			targets = (
				847D965F286105080044C1F5 /* Flixster */,
				847D967A2861050A0044C1F5 /* FlixsterTests */,
				847D96842861050A0044C1F5 /* FlixsterUITests */,
			);
		};
/* End PBXProject section */

/* Begin PBXResourcesBuildPhase section */
		847D965E286105080044C1F5 /* Resources */ = {
			isa = PBXResourcesBuildPhase;
			buildActionMask = 2147483647;
			files = (
				847D96732861050A0044C1F5 /* LaunchScreen.storyboard in Resources */,
				847D96702861050A0044C1F5 /* Assets.xcassets in Resources */,
				847D966E286105080044C1F5 /* Main.storyboard in Resources */,
			);
			runOnlyForDeploymentPostprocessing = 0;
		};
		847D96792861050A0044C1F5 /* Resources */ = {
			isa = PBXResourcesBuildPhase;
			buildActionMask = 2147483647;
			files = (
			);
			runOnlyForDeploymentPostprocessing = 0;
		};
		847D96832861050A0044C1F5 /* Resources */ = {
			isa = PBXResourcesBuildPhase;
			buildActionMask = 2147483647;
			files = (
			);
			runOnlyForDeploymentPostprocessing = 0;
		};
/* End PBXResourcesBuildPhase section */

/* Begin PBXShellScriptBuildPhase section */
		19E9F40ED619913A2A2731E0 /* [CP] Check Pods Manifest.lock */ = {
			isa = PBXShellScriptBuildPhase;
			buildActionMask = 2147483647;
			files = (
			);
			inputFileListPaths = (
			);
			inputPaths = (
				"${PODS_PODFILE_DIR_PATH}/Podfile.lock",
				"${PODS_ROOT}/Manifest.lock",
			);
			name = "[CP] Check Pods Manifest.lock";
			outputFileListPaths = (
			);
			outputPaths = (
				"$(DERIVED_FILE_DIR)/Pods-Flixster-checkManifestLockResult.txt",
			);
			runOnlyForDeploymentPostprocessing = 0;
			shellPath = /bin/sh;
			shellScript = "diff \"${PODS_PODFILE_DIR_PATH}/Podfile.lock\" \"${PODS_ROOT}/Manifest.lock\" > /dev/null\nif [ $? != 0 ] ; then\n    # print error to STDERR\n    echo \"error: The sandbox is not in sync with the Podfile.lock. Run 'pod install' or update your CocoaPods installation.\" >&2\n    exit 1\nfi\n# This output is used by Xcode 'outputs' to avoid re-running this script phase.\necho \"SUCCESS\" > \"${SCRIPT_OUTPUT_FILE_0}\"\n";
			showEnvVarsInLog = 0;
		};
		4AAFDF6BBED90F51E3E21065 /* [CP] Check Pods Manifest.lock */ = {
			isa = PBXShellScriptBuildPhase;
			buildActionMask = 2147483647;
			files = (
			);
			inputFileListPaths = (
			);
			inputPaths = (
				"${PODS_PODFILE_DIR_PATH}/Podfile.lock",
				"${PODS_ROOT}/Manifest.lock",
			);
			name = "[CP] Check Pods Manifest.lock";
			outputFileListPaths = (
			);
			outputPaths = (
				"$(DERIVED_FILE_DIR)/Pods-Flixster-FlixsterUITests-checkManifestLockResult.txt",
			);
			runOnlyForDeploymentPostprocessing = 0;
			shellPath = /bin/sh;
			shellScript = "diff \"${PODS_PODFILE_DIR_PATH}/Podfile.lock\" \"${PODS_ROOT}/Manifest.lock\" > /dev/null\nif [ $? != 0 ] ; then\n    # print error to STDERR\n    echo \"error: The sandbox is not in sync with the Podfile.lock. Run 'pod install' or update your CocoaPods installation.\" >&2\n    exit 1\nfi\n# This output is used by Xcode 'outputs' to avoid re-running this script phase.\necho \"SUCCESS\" > \"${SCRIPT_OUTPUT_FILE_0}\"\n";
			showEnvVarsInLog = 0;
		};
		78562FC0DF0D58AFA3A23380 /* [CP] Embed Pods Frameworks */ = {
			isa = PBXShellScriptBuildPhase;
			buildActionMask = 2147483647;
			files = (
			);
			inputFileListPaths = (
				"${PODS_ROOT}/Target Support Files/Pods-Flixster-FlixsterUITests/Pods-Flixster-FlixsterUITests-frameworks-${CONFIGURATION}-input-files.xcfilelist",
			);
			name = "[CP] Embed Pods Frameworks";
			outputFileListPaths = (
				"${PODS_ROOT}/Target Support Files/Pods-Flixster-FlixsterUITests/Pods-Flixster-FlixsterUITests-frameworks-${CONFIGURATION}-output-files.xcfilelist",
			);
			runOnlyForDeploymentPostprocessing = 0;
			shellPath = /bin/sh;
			shellScript = "\"${PODS_ROOT}/Target Support Files/Pods-Flixster-FlixsterUITests/Pods-Flixster-FlixsterUITests-frameworks.sh\"\n";
			showEnvVarsInLog = 0;
		};
		848B13FC93F2DBE0EC868C7D /* [CP] Embed Pods Frameworks */ = {
			isa = PBXShellScriptBuildPhase;
			buildActionMask = 2147483647;
			files = (
			);
			inputFileListPaths = (
				"${PODS_ROOT}/Target Support Files/Pods-Flixster/Pods-Flixster-frameworks-${CONFIGURATION}-input-files.xcfilelist",
			);
			name = "[CP] Embed Pods Frameworks";
			outputFileListPaths = (
				"${PODS_ROOT}/Target Support Files/Pods-Flixster/Pods-Flixster-frameworks-${CONFIGURATION}-output-files.xcfilelist",
			);
			runOnlyForDeploymentPostprocessing = 0;
			shellPath = /bin/sh;
			shellScript = "\"${PODS_ROOT}/Target Support Files/Pods-Flixster/Pods-Flixster-frameworks.sh\"\n";
			showEnvVarsInLog = 0;
		};
		F168869C99196C5A6CFE866C /* [CP] Check Pods Manifest.lock */ = {
			isa = PBXShellScriptBuildPhase;
			buildActionMask = 2147483647;
			files = (
			);
			inputFileListPaths = (
			);
			inputPaths = (
				"${PODS_PODFILE_DIR_PATH}/Podfile.lock",
				"${PODS_ROOT}/Manifest.lock",
			);
			name = "[CP] Check Pods Manifest.lock";
			outputFileListPaths = (
			);
			outputPaths = (
				"$(DERIVED_FILE_DIR)/Pods-FlixsterTests-checkManifestLockResult.txt",
			);
			runOnlyForDeploymentPostprocessing = 0;
			shellPath = /bin/sh;
			shellScript = "diff \"${PODS_PODFILE_DIR_PATH}/Podfile.lock\" \"${PODS_ROOT}/Manifest.lock\" > /dev/null\nif [ $? != 0 ] ; then\n    # print error to STDERR\n    echo \"error: The sandbox is not in sync with the Podfile.lock. Run 'pod install' or update your CocoaPods installation.\" >&2\n    exit 1\nfi\n# This output is used by Xcode 'outputs' to avoid re-running this script phase.\necho \"SUCCESS\" > \"${SCRIPT_OUTPUT_FILE_0}\"\n";
			showEnvVarsInLog = 0;
		};
/* End PBXShellScriptBuildPhase section */

/* Begin PBXSourcesBuildPhase section */
		847D965C286105080044C1F5 /* Sources */ = {
			isa = PBXSourcesBuildPhase;
			buildActionMask = 2147483647;
			files = (
				847D9665286105080044C1F5 /* AppDelegate.m in Sources */,
				847D96A8286405280044C1F5 /* MovieCell.m in Sources */,
				847D96762861050A0044C1F5 /* main.m in Sources */,
				847D96AB286411950044C1F5 /* DetailsViewController.m in Sources */,
				847D9668286105080044C1F5 /* SceneDelegate.m in Sources */,
				847D96A5286404290044C1F5 /* MovieViewController.m in Sources */,
			);
			runOnlyForDeploymentPostprocessing = 0;
		};
		847D96772861050A0044C1F5 /* Sources */ = {
			isa = PBXSourcesBuildPhase;
			buildActionMask = 2147483647;
			files = (
				847D96802861050A0044C1F5 /* FlixsterTests.m in Sources */,
			);
			runOnlyForDeploymentPostprocessing = 0;
		};
		847D96812861050A0044C1F5 /* Sources */ = {
			isa = PBXSourcesBuildPhase;
			buildActionMask = 2147483647;
			files = (
				847D968A2861050A0044C1F5 /* FlixsterUITests.m in Sources */,
				847D968C2861050A0044C1F5 /* FlixsterUITestsLaunchTests.m in Sources */,
			);
			runOnlyForDeploymentPostprocessing = 0;
		};
/* End PBXSourcesBuildPhase section */

/* Begin PBXTargetDependency section */
		847D967D2861050A0044C1F5 /* PBXTargetDependency */ = {
			isa = PBXTargetDependency;
			target = 847D965F286105080044C1F5 /* Flixster */;
			targetProxy = 847D967C2861050A0044C1F5 /* PBXContainerItemProxy */;
		};
		847D96872861050A0044C1F5 /* PBXTargetDependency */ = {
			isa = PBXTargetDependency;
			target = 847D965F286105080044C1F5 /* Flixster */;
			targetProxy = 847D96862861050A0044C1F5 /* PBXContainerItemProxy */;
		};
/* End PBXTargetDependency section */

/* Begin PBXVariantGroup section */
		847D966C286105080044C1F5 /* Main.storyboard */ = {
			isa = PBXVariantGroup;
			children = (
				847D966D286105080044C1F5 /* Base */,
			);
			name = Main.storyboard;
			sourceTree = "<group>";
		};
		847D96712861050A0044C1F5 /* LaunchScreen.storyboard */ = {
			isa = PBXVariantGroup;
			children = (
				847D96722861050A0044C1F5 /* Base */,
			);
			name = LaunchScreen.storyboard;
			sourceTree = "<group>";
		};
/* End PBXVariantGroup section */

/* Begin XCBuildConfiguration section */
		847D968D2861050A0044C1F5 /* Debug */ = {
			isa = XCBuildConfiguration;
			buildSettings = {
				ALWAYS_SEARCH_USER_PATHS = NO;
				CLANG_ANALYZER_NONNULL = YES;
				CLANG_ANALYZER_NUMBER_OBJECT_CONVERSION = YES_AGGRESSIVE;
				CLANG_CXX_LANGUAGE_STANDARD = "gnu++17";
				CLANG_ENABLE_MODULES = YES;
				CLANG_ENABLE_OBJC_ARC = YES;
				CLANG_ENABLE_OBJC_WEAK = YES;
				CLANG_WARN_BLOCK_CAPTURE_AUTORELEASING = YES;
				CLANG_WARN_BOOL_CONVERSION = YES;
				CLANG_WARN_COMMA = YES;
				CLANG_WARN_CONSTANT_CONVERSION = YES;
				CLANG_WARN_DEPRECATED_OBJC_IMPLEMENTATIONS = YES;
				CLANG_WARN_DIRECT_OBJC_ISA_USAGE = YES_ERROR;
				CLANG_WARN_DOCUMENTATION_COMMENTS = YES;
				CLANG_WARN_EMPTY_BODY = YES;
				CLANG_WARN_ENUM_CONVERSION = YES;
				CLANG_WARN_INFINITE_RECURSION = YES;
				CLANG_WARN_INT_CONVERSION = YES;
				CLANG_WARN_NON_LITERAL_NULL_CONVERSION = YES;
				CLANG_WARN_OBJC_IMPLICIT_RETAIN_SELF = YES;
				CLANG_WARN_OBJC_LITERAL_CONVERSION = YES;
				CLANG_WARN_OBJC_ROOT_CLASS = YES_ERROR;
				CLANG_WARN_QUOTED_INCLUDE_IN_FRAMEWORK_HEADER = YES;
				CLANG_WARN_RANGE_LOOP_ANALYSIS = YES;
				CLANG_WARN_STRICT_PROTOTYPES = YES;
				CLANG_WARN_SUSPICIOUS_MOVE = YES;
				CLANG_WARN_UNGUARDED_AVAILABILITY = YES_AGGRESSIVE;
				CLANG_WARN_UNREACHABLE_CODE = YES;
				CLANG_WARN__DUPLICATE_METHOD_MATCH = YES;
				COPY_PHASE_STRIP = NO;
				DEBUG_INFORMATION_FORMAT = dwarf;
				ENABLE_STRICT_OBJC_MSGSEND = YES;
				ENABLE_TESTABILITY = YES;
				GCC_C_LANGUAGE_STANDARD = gnu11;
				GCC_DYNAMIC_NO_PIC = NO;
				GCC_NO_COMMON_BLOCKS = YES;
				GCC_OPTIMIZATION_LEVEL = 0;
				GCC_PREPROCESSOR_DEFINITIONS = (
					"DEBUG=1",
					"$(inherited)",
				);
				GCC_WARN_64_TO_32_BIT_CONVERSION = YES;
				GCC_WARN_ABOUT_RETURN_TYPE = YES_ERROR;
				GCC_WARN_UNDECLARED_SELECTOR = YES;
				GCC_WARN_UNINITIALIZED_AUTOS = YES_AGGRESSIVE;
				GCC_WARN_UNUSED_FUNCTION = YES;
				GCC_WARN_UNUSED_VARIABLE = YES;
				IPHONEOS_DEPLOYMENT_TARGET = 15.5;
				MTL_ENABLE_DEBUG_INFO = INCLUDE_SOURCE;
				MTL_FAST_MATH = YES;
				ONLY_ACTIVE_ARCH = YES;
				SDKROOT = iphoneos;
			};
			name = Debug;
		};
		847D968E2861050A0044C1F5 /* Release */ = {
			isa = XCBuildConfiguration;
			buildSettings = {
				ALWAYS_SEARCH_USER_PATHS = NO;
				CLANG_ANALYZER_NONNULL = YES;
				CLANG_ANALYZER_NUMBER_OBJECT_CONVERSION = YES_AGGRESSIVE;
				CLANG_CXX_LANGUAGE_STANDARD = "gnu++17";
				CLANG_ENABLE_MODULES = YES;
				CLANG_ENABLE_OBJC_ARC = YES;
				CLANG_ENABLE_OBJC_WEAK = YES;
				CLANG_WARN_BLOCK_CAPTURE_AUTORELEASING = YES;
				CLANG_WARN_BOOL_CONVERSION = YES;
				CLANG_WARN_COMMA = YES;
				CLANG_WARN_CONSTANT_CONVERSION = YES;
				CLANG_WARN_DEPRECATED_OBJC_IMPLEMENTATIONS = YES;
				CLANG_WARN_DIRECT_OBJC_ISA_USAGE = YES_ERROR;
				CLANG_WARN_DOCUMENTATION_COMMENTS = YES;
				CLANG_WARN_EMPTY_BODY = YES;
				CLANG_WARN_ENUM_CONVERSION = YES;
				CLANG_WARN_INFINITE_RECURSION = YES;
				CLANG_WARN_INT_CONVERSION = YES;
				CLANG_WARN_NON_LITERAL_NULL_CONVERSION = YES;
				CLANG_WARN_OBJC_IMPLICIT_RETAIN_SELF = YES;
				CLANG_WARN_OBJC_LITERAL_CONVERSION = YES;
				CLANG_WARN_OBJC_ROOT_CLASS = YES_ERROR;
				CLANG_WARN_QUOTED_INCLUDE_IN_FRAMEWORK_HEADER = YES;
				CLANG_WARN_RANGE_LOOP_ANALYSIS = YES;
				CLANG_WARN_STRICT_PROTOTYPES = YES;
				CLANG_WARN_SUSPICIOUS_MOVE = YES;
				CLANG_WARN_UNGUARDED_AVAILABILITY = YES_AGGRESSIVE;
				CLANG_WARN_UNREACHABLE_CODE = YES;
				CLANG_WARN__DUPLICATE_METHOD_MATCH = YES;
				COPY_PHASE_STRIP = NO;
				DEBUG_INFORMATION_FORMAT = "dwarf-with-dsym";
				ENABLE_NS_ASSERTIONS = NO;
				ENABLE_STRICT_OBJC_MSGSEND = YES;
				GCC_C_LANGUAGE_STANDARD = gnu11;
				GCC_NO_COMMON_BLOCKS = YES;
				GCC_WARN_64_TO_32_BIT_CONVERSION = YES;
				GCC_WARN_ABOUT_RETURN_TYPE = YES_ERROR;
				GCC_WARN_UNDECLARED_SELECTOR = YES;
				GCC_WARN_UNINITIALIZED_AUTOS = YES_AGGRESSIVE;
				GCC_WARN_UNUSED_FUNCTION = YES;
				GCC_WARN_UNUSED_VARIABLE = YES;
				IPHONEOS_DEPLOYMENT_TARGET = 15.5;
				MTL_ENABLE_DEBUG_INFO = NO;
				MTL_FAST_MATH = YES;
				SDKROOT = iphoneos;
				VALIDATE_PRODUCT = YES;
			};
			name = Release;
		};
		847D96902861050A0044C1F5 /* Debug */ = {
			isa = XCBuildConfiguration;
			baseConfigurationReference = B917EB68BBE9D9362B685E20 /* Pods-Flixster.debug.xcconfig */;
			buildSettings = {
				ASSETCATALOG_COMPILER_APPICON_NAME = AppIcon;
				ASSETCATALOG_COMPILER_GLOBAL_ACCENT_COLOR_NAME = AccentColor;
				CODE_SIGN_STYLE = Automatic;
				CURRENT_PROJECT_VERSION = 1;
				DEVELOPMENT_TEAM = U8WH5D6D56;
				GENERATE_INFOPLIST_FILE = YES;
				INFOPLIST_FILE = Flixster/Info.plist;
				INFOPLIST_KEY_UIApplicationSupportsIndirectInputEvents = YES;
				INFOPLIST_KEY_UILaunchStoryboardName = LaunchScreen;
				INFOPLIST_KEY_UIMainStoryboardFile = Main;
				INFOPLIST_KEY_UISupportedInterfaceOrientations_iPad = "UIInterfaceOrientationPortrait UIInterfaceOrientationPortraitUpsideDown UIInterfaceOrientationLandscapeLeft UIInterfaceOrientationLandscapeRight";
				INFOPLIST_KEY_UISupportedInterfaceOrientations_iPhone = "UIInterfaceOrientationPortrait UIInterfaceOrientationLandscapeLeft UIInterfaceOrientationLandscapeRight";
				LD_RUNPATH_SEARCH_PATHS = (
					"$(inherited)",
					"@executable_path/Frameworks",
				);
				MARKETING_VERSION = 1.0;
				PRODUCT_BUNDLE_IDENTIFIER = Meta.Flixster;
				PRODUCT_NAME = "$(TARGET_NAME)";
				SWIFT_EMIT_LOC_STRINGS = YES;
				TARGETED_DEVICE_FAMILY = "1,2";
			};
			name = Debug;
		};
		847D96912861050A0044C1F5 /* Release */ = {
			isa = XCBuildConfiguration;
			baseConfigurationReference = 9909432ED8DBE8135365C59E /* Pods-Flixster.release.xcconfig */;
			buildSettings = {
				ASSETCATALOG_COMPILER_APPICON_NAME = AppIcon;
				ASSETCATALOG_COMPILER_GLOBAL_ACCENT_COLOR_NAME = AccentColor;
				CODE_SIGN_STYLE = Automatic;
				CURRENT_PROJECT_VERSION = 1;
				DEVELOPMENT_TEAM = U8WH5D6D56;
				GENERATE_INFOPLIST_FILE = YES;
				INFOPLIST_FILE = Flixster/Info.plist;
				INFOPLIST_KEY_UIApplicationSupportsIndirectInputEvents = YES;
				INFOPLIST_KEY_UILaunchStoryboardName = LaunchScreen;
				INFOPLIST_KEY_UIMainStoryboardFile = Main;
				INFOPLIST_KEY_UISupportedInterfaceOrientations_iPad = "UIInterfaceOrientationPortrait UIInterfaceOrientationPortraitUpsideDown UIInterfaceOrientationLandscapeLeft UIInterfaceOrientationLandscapeRight";
				INFOPLIST_KEY_UISupportedInterfaceOrientations_iPhone = "UIInterfaceOrientationPortrait UIInterfaceOrientationLandscapeLeft UIInterfaceOrientationLandscapeRight";
				LD_RUNPATH_SEARCH_PATHS = (
					"$(inherited)",
					"@executable_path/Frameworks",
				);
				MARKETING_VERSION = 1.0;
				PRODUCT_BUNDLE_IDENTIFIER = Meta.Flixster;
				PRODUCT_NAME = "$(TARGET_NAME)";
				SWIFT_EMIT_LOC_STRINGS = YES;
				TARGETED_DEVICE_FAMILY = "1,2";
			};
			name = Release;
		};
		847D96932861050A0044C1F5 /* Debug */ = {
			isa = XCBuildConfiguration;
			baseConfigurationReference = 2DF33DB0365E33B03362E6C3 /* Pods-FlixsterTests.debug.xcconfig */;
			buildSettings = {
				BUNDLE_LOADER = "$(TEST_HOST)";
				CODE_SIGN_STYLE = Automatic;
				CURRENT_PROJECT_VERSION = 1;
				DEVELOPMENT_TEAM = U8WH5D6D56;
				GENERATE_INFOPLIST_FILE = YES;
				IPHONEOS_DEPLOYMENT_TARGET = 15.5;
				MARKETING_VERSION = 1.0;
				PRODUCT_BUNDLE_IDENTIFIER = Meta.FlixsterTests;
				PRODUCT_NAME = "$(TARGET_NAME)";
				SWIFT_EMIT_LOC_STRINGS = NO;
				TARGETED_DEVICE_FAMILY = "1,2";
				TEST_HOST = "$(BUILT_PRODUCTS_DIR)/Flixster.app/Flixster";
			};
			name = Debug;
		};
		847D96942861050A0044C1F5 /* Release */ = {
			isa = XCBuildConfiguration;
			baseConfigurationReference = DA3AC7D2B7CBD7D04D00EE37 /* Pods-FlixsterTests.release.xcconfig */;
			buildSettings = {
				BUNDLE_LOADER = "$(TEST_HOST)";
				CODE_SIGN_STYLE = Automatic;
				CURRENT_PROJECT_VERSION = 1;
				DEVELOPMENT_TEAM = U8WH5D6D56;
				GENERATE_INFOPLIST_FILE = YES;
				IPHONEOS_DEPLOYMENT_TARGET = 15.5;
				MARKETING_VERSION = 1.0;
				PRODUCT_BUNDLE_IDENTIFIER = Meta.FlixsterTests;
				PRODUCT_NAME = "$(TARGET_NAME)";
				SWIFT_EMIT_LOC_STRINGS = NO;
				TARGETED_DEVICE_FAMILY = "1,2";
				TEST_HOST = "$(BUILT_PRODUCTS_DIR)/Flixster.app/Flixster";
			};
			name = Release;
		};
		847D96962861050A0044C1F5 /* Debug */ = {
			isa = XCBuildConfiguration;
			baseConfigurationReference = 839F7E229B4EBE13CDAA7A81 /* Pods-Flixster-FlixsterUITests.debug.xcconfig */;
			buildSettings = {
				CODE_SIGN_STYLE = Automatic;
				CURRENT_PROJECT_VERSION = 1;
				DEVELOPMENT_TEAM = U8WH5D6D56;
				GENERATE_INFOPLIST_FILE = YES;
				MARKETING_VERSION = 1.0;
				PRODUCT_BUNDLE_IDENTIFIER = Meta.FlixsterUITests;
				PRODUCT_NAME = "$(TARGET_NAME)";
				SWIFT_EMIT_LOC_STRINGS = NO;
				TARGETED_DEVICE_FAMILY = "1,2";
				TEST_TARGET_NAME = Flixster;
			};
			name = Debug;
		};
		847D96972861050A0044C1F5 /* Release */ = {
			isa = XCBuildConfiguration;
			baseConfigurationReference = 541658F28FCE80F8625E328B /* Pods-Flixster-FlixsterUITests.release.xcconfig */;
			buildSettings = {
				CODE_SIGN_STYLE = Automatic;
				CURRENT_PROJECT_VERSION = 1;
				DEVELOPMENT_TEAM = U8WH5D6D56;
				GENERATE_INFOPLIST_FILE = YES;
				MARKETING_VERSION = 1.0;
				PRODUCT_BUNDLE_IDENTIFIER = Meta.FlixsterUITests;
				PRODUCT_NAME = "$(TARGET_NAME)";
				SWIFT_EMIT_LOC_STRINGS = NO;
				TARGETED_DEVICE_FAMILY = "1,2";
				TEST_TARGET_NAME = Flixster;
			};
			name = Release;
		};
/* End XCBuildConfiguration section */

/* Begin XCConfigurationList section */
		847D965B286105080044C1F5 /* Build configuration list for PBXProject "Flixster" */ = {
			isa = XCConfigurationList;
			buildConfigurations = (
				847D968D2861050A0044C1F5 /* Debug */,
				847D968E2861050A0044C1F5 /* Release */,
			);
			defaultConfigurationIsVisible = 0;
			defaultConfigurationName = Release;
		};
		847D968F2861050A0044C1F5 /* Build configuration list for PBXNativeTarget "Flixster" */ = {
			isa = XCConfigurationList;
			buildConfigurations = (
				847D96902861050A0044C1F5 /* Debug */,
				847D96912861050A0044C1F5 /* Release */,
			);
			defaultConfigurationIsVisible = 0;
			defaultConfigurationName = Release;
		};
		847D96922861050A0044C1F5 /* Build configuration list for PBXNativeTarget "FlixsterTests" */ = {
			isa = XCConfigurationList;
			buildConfigurations = (
				847D96932861050A0044C1F5 /* Debug */,
				847D96942861050A0044C1F5 /* Release */,
			);
			defaultConfigurationIsVisible = 0;
			defaultConfigurationName = Release;
		};
		847D96952861050A0044C1F5 /* Build configuration list for PBXNativeTarget "FlixsterUITests" */ = {
			isa = XCConfigurationList;
			buildConfigurations = (
				847D96962861050A0044C1F5 /* Debug */,
				847D96972861050A0044C1F5 /* Release */,
			);
			defaultConfigurationIsVisible = 0;
			defaultConfigurationName = Release;
		};
/* End XCConfigurationList section */
	};
	rootObject = 847D9658286105080044C1F5 /* Project object */;
}
